
Microsoft Visual Studio Solution File, Format Version 12.00
# Visual Studio 2012
Project("{FAE04EC0-301F-11D3-BF4B-00C04F79EFBC}") = "04_Add_VAT", "04_Add_VAT\04_Add_VAT.csproj", "{F1EE8D45-2F1A-4ADB-87FA-B8A150568C25}"
EndProject
Global
	GlobalSection(SolutionConfigurationPlatforms) = preSolution
		Debug|x86 = Debug|x86
		Release|x86 = Release|x86
	EndGlobalSection
	GlobalSection(ProjectConfigurationPlatforms) = postSolution
		{F1EE8D45-2F1A-4ADB-87FA-B8A150568C25}.Debug|x86.ActiveCfg = Debug|x86
		{F1EE8D45-2F1A-4ADB-87FA-B8A150568C25}.Debug|x86.Build.0 = Debug|x86
		{F1EE8D45-2F1A-4ADB-87FA-B8A150568C25}.Release|x86.ActiveCfg = Release|x86
		{F1EE8D45-2F1A-4ADB-87FA-B8A150568C25}.Release|x86.Build.0 = Release|x86
	EndGlobalSection
EndGlobal
